Microsoft Visual Studio Solution File, Format Version 12.00
# Visual Studio Version 17
VisualStudioVersion = 17.5.2.0
MinimumVisualStudioVersion = 10.0.40219.1
Project("{FAE04EC0-301F-11D3-BF4B-00C04F79EFBC}") = "UrlShortener.Api", "UrlShortener.Api\UrlShortener.Api.csproj", "{FEF440F0-CF56-1FD5-FE1B-1B0F26F4DE9F}"
EndProject
Project("{FAE04EC0-301F-11D3-BF4B-00C04F79EFBC}") = "UrlShortener.Core", "UrlShortener.Core\UrlShortener.Core.csproj", "{E1757247-DD0F-912E-C1C6-9C4F49D7961E}"
EndProject
Project("{FAE04EC0-301F-11D3-BF4B-00C04F79EFBC}") = "UrlShortener.Infrastructure", "UrlShortener.Infrastructure\UrlShortener.Infrastructure.csproj", "{CBC73296-55B5-597C-0EA8-20116C0B4713}"
EndProject
Project("{FAE04EC0-301F-11D3-BF4B-00C04F79EFBC}") = "UrlShortener.Web", "UrlShortener.Web\UrlShortener.Web.csproj", "{32B9DBFA-C4FD-517E-1819-26901A071E93}"
EndProject
Global
	GlobalSection(SolutionConfigurationPlatforms) = preSolution
		Debug|Any CPU = Debug|Any CPU
		Release|Any CPU = Release|Any CPU
	EndGlobalSection
	GlobalSection(ProjectConfigurationPlatforms) = postSolution
		{FEF440F0-CF56-1FD5-FE1B-1B0F26F4DE9F}.Debug|Any CPU.ActiveCfg = Debug|Any CPU
		{FEF440F0-CF56-1FD5-FE1B-1B0F26F4DE9F}.Debug|Any CPU.Build.0 = Debug|Any CPU
		{FEF440F0-CF56-1FD5-FE1B-1B0F26F4DE9F}.Release|Any CPU.ActiveCfg = Release|Any CPU
		{FEF440F0-CF56-1FD5-FE1B-1B0F26F4DE9F}.Release|Any CPU.Build.0 = Release|Any CPU
		{E1757247-DD0F-912E-C1C6-9C4F49D7961E}.Debug|Any CPU.ActiveCfg = Debug|Any CPU
		{E1757247-DD0F-912E-C1C6-9C4F49D7961E}.Debug|Any CPU.Build.0 = Debug|Any CPU
		{E1757247-DD0F-912E-C1C6-9C4F49D7961E}.Release|Any CPU.ActiveCfg = Release|Any CPU
		{E1757247-DD0F-912E-C1C6-9C4F49D7961E}.Release|Any CPU.Build.0 = Release|Any CPU
		{CBC73296-55B5-597C-0EA8-20116C0B4713}.Debug|Any CPU.ActiveCfg = Debug|Any CPU
		{CBC73296-55B5-597C-0EA8-20116C0B4713}.Debug|Any CPU.Build.0 = Debug|Any CPU
		{CBC73296-55B5-597C-0EA8-20116C0B4713}.Release|Any CPU.ActiveCfg = Release|Any CPU
		{CBC73296-55B5-597C-0EA8-20116C0B4713}.Release|Any CPU.Build.0 = Release|Any CPU
		{32B9DBFA-C4FD-517E-1819-26901A071E93}.Debug|Any CPU.ActiveCfg = Debug|Any CPU
		{32B9DBFA-C4FD-517E-1819-26901A071E93}.Debug|Any CPU.Build.0 = Debug|Any CPU
		{32B9DBFA-C4FD-517E-1819-26901A071E93}.Release|Any CPU.ActiveCfg = Release|Any CPU
		{32B9DBFA-C4FD-517E-1819-26901A071E93}.Release|Any CPU.Build.0 = Release|Any CPU
	EndGlobalSection
	GlobalSection(SolutionProperties) = preSolution
		HideSolutionNode = FALSE
	EndGlobalSection
	GlobalSection(ExtensibilityGlobals) = postSolution
		SolutionGuid = {6D350DDD-F395-403F-BF5C-F395C64F9218}
	EndGlobalSection
EndGlobal
